
Microsoft Visual Studio Solution File, Format Version 12.00
# Visual Studio Version 17
VisualStudioVersion = 17.7.34024.191
MinimumVisualStudioVersion = 10.0.40219.1
Project("{FAE04EC0-301F-11D3-BF4B-00C04F79EFBC}") = "WebApplication1", "WebApplication1\WebApplication1.csproj", "{2D999975-925B-40A4-B085-7D5B500B0EBD}"
EndProject
Global
	GlobalSection(SolutionConfigurationPlatforms) = preSolution
		Debug|Any CPU = Debug|Any CPU
		Release|Any CPU = Release|Any CPU
	EndGlobalSection
	GlobalSection(ProjectConfigurationPlatforms) = postSolution
		{2D999975-925B-40A4-B085-7D5B500B0EBD}.Debug|Any CPU.ActiveCfg = Debug|Any CPU
		{2D999975-925B-40A4-B085-7D5B500B0EBD}.Debug|Any CPU.Build.0 = Debug|Any CPU
		{2D999975-925B-40A4-B085-7D5B500B0EBD}.Release|Any CPU.ActiveCfg = Release|Any CPU
		{2D999975-925B-40A4-B085-7D5B500B0EBD}.Release|Any CPU.Build.0 = Release|Any CPU
	EndGlobalSection
	GlobalSection(SolutionProperties) = preSolution
		HideSolutionNode = FALSE
	EndGlobalSection
	GlobalSection(ExtensibilityGlobals) = postSolution
		SolutionGuid = {F1C896CC-13D1-4C69-887A-B97C6DC63645}
	EndGlobalSection
EndGlobal
